dependencies:
- name: cert-manager
  repository: https://charts.jetstack.io
  version: v1.15.3
- name: traefik
  repository: https://helm.traefik.io/traefik
  version: 31.0.0
- name: external-dns
  repository: https://charts.bitnami.com/bitnami
  version: 8.3.8
- name: postgresql
  repository: https://charts.bitnami.com/bitnami
  version: 15.5.32
- name: opentelemetry-collector
  repository: https://open-telemetry.github.io/opentelemetry-helm-charts
  version: 0.108.0
- name: opentelemetry-collector
  repository: https://open-telemetry.github.io/opentelemetry-helm-charts
  version: 0.108.0
digest: sha256:15743a56390f40a29830b8fed60eff0c7144ec5ba7e430a69cd3c4e9d3d83103
generated: "2024-10-24T11:46:53.869192-07:00"
