dependencies:
- name: cert-manager
  repository: https://charts.jetstack.io
  version: v1.15.3
- name: traefik
  repository: https://helm.traefik.io/traefik
  version: 31.0.0
- name: external-dns
  repository: https://charts.bitnami.com/bitnami
  version: 8.3.8
- name: postgresql
  repository: https://charts.bitnami.com/bitnami
  version: 15.5.32
digest: sha256:1c19b31adf0d472a038bf41b575b92678a2f47ddf6e60127d147b477abe20c32
generated: "2024-10-07T23:12:52.455764-07:00"
